
Microsoft Visual Studio Solution File, Format Version 12.00
# Visual Studio Version 17
VisualStudioVersion = 17.8.34316.72
MinimumVisualStudioVersion = 10.0.40219.1
Project("{2150E333-8FDC-42A3-9474-1A3956D46DE8}") = "1. Traditional", "1. Traditional", "{0D2C637A-3650-4F06-9B61-75CFBDE9F1A5}"
EndProject
Project("{2150E333-8FDC-42A3-9474-1A3956D46DE8}") = "2. DependencyInjection", "2. DependencyInjection", "{8C7D9D61-CADB-468A-855F-B770274C61F9}"
EndProject
Project("{2150E333-8FDC-42A3-9474-1A3956D46DE8}") = "3. Amenities", "3. Amenities", "{2DC7B060-5D5C-4D04-900F-06B35326DA41}"
EndProject
Project("{9A19103F-16F7-4668-BE54-9A1E7A4F7556}") = "Lexicom.Example.Wpf.Amenities.Wpf", "Lexicom.Example.Wpf.Amenities.Wpf\Lexicom.Example.Wpf.Amenities.Wpf.csproj", "{79BC9AF3-7CA7-4599-9CA8-5326D03C981D}"
EndProject
Project("{9A19103F-16F7-4668-BE54-9A1E7A4F7556}") = "Lexicom.Example.Wpf.Amenities.ViewModels", "Lexicom.Example.Wpf.Amenities.ViewModels\Lexicom.Example.Wpf.Amenities.ViewModels.csproj", "{BDB331AD-4EEF-4602-AB68-6982BF89ADA0}"
EndProject
Project("{9A19103F-16F7-4668-BE54-9A1E7A4F7556}") = "Lexicom.Example.Wpf.Amenities.Application", "Lexicom.Example.Wpf.Amenities.Application\Lexicom.Example.Wpf.Amenities.Application.csproj", "{2FEE5A9C-40E1-447F-A794-A67E399B52D9}"
EndProject
Global
	GlobalSection(SolutionConfigurationPlatforms) = preSolution
		Debug|Any CPU = Debug|Any CPU
		Release|Any CPU = Release|Any CPU
	EndGlobalSection
	GlobalSection(ProjectConfigurationPlatforms) = postSolution
		{79BC9AF3-7CA7-4599-9CA8-5326D03C981D}.Debug|Any CPU.ActiveCfg = Debug|Any CPU
		{79BC9AF3-7CA7-4599-9CA8-5326D03C981D}.Debug|Any CPU.Build.0 = Debug|Any CPU
		{79BC9AF3-7CA7-4599-9CA8-5326D03C981D}.Release|Any CPU.ActiveCfg = Release|Any CPU
		{79BC9AF3-7CA7-4599-9CA8-5326D03C981D}.Release|Any CPU.Build.0 = Release|Any CPU
		{BDB331AD-4EEF-4602-AB68-6982BF89ADA0}.Debug|Any CPU.ActiveCfg = Debug|Any CPU
		{BDB331AD-4EEF-4602-AB68-6982BF89ADA0}.Debug|Any CPU.Build.0 = Debug|Any CPU
		{BDB331AD-4EEF-4602-AB68-6982BF89ADA0}.Release|Any CPU.ActiveCfg = Release|Any CPU
		{BDB331AD-4EEF-4602-AB68-6982BF89ADA0}.Release|Any CPU.Build.0 = Release|Any CPU
		{2FEE5A9C-40E1-447F-A794-A67E399B52D9}.Debug|Any CPU.ActiveCfg = Debug|Any CPU
		{2FEE5A9C-40E1-447F-A794-A67E399B52D9}.Debug|Any CPU.Build.0 = Debug|Any CPU
		{2FEE5A9C-40E1-447F-A794-A67E399B52D9}.Release|Any CPU.ActiveCfg = Release|Any CPU
		{2FEE5A9C-40E1-447F-A794-A67E399B52D9}.Release|Any CPU.Build.0 = Release|Any CPU
	EndGlobalSection
	GlobalSection(SolutionProperties) = preSolution
		HideSolutionNode = FALSE
	EndGlobalSection
	GlobalSection(NestedProjects) = preSolution
		{79BC9AF3-7CA7-4599-9CA8-5326D03C981D} = {2DC7B060-5D5C-4D04-900F-06B35326DA41}
		{BDB331AD-4EEF-4602-AB68-6982BF89ADA0} = {2DC7B060-5D5C-4D04-900F-06B35326DA41}
		{2FEE5A9C-40E1-447F-A794-A67E399B52D9} = {2DC7B060-5D5C-4D04-900F-06B35326DA41}
	EndGlobalSection
	GlobalSection(ExtensibilityGlobals) = postSolution
		SolutionGuid = {ACEE25D1-BA8C-4E92-A3E8-F9E6810861EE}
	EndGlobalSection
EndGlobal
